
Microsoft Visual Studio Solution File, Format Version 12.00
# Visual Studio Version 17
VisualStudioVersion = 17.4.33205.214
MinimumVisualStudioVersion = 10.0.40219.1
Project("{9A19103F-16F7-4668-BE54-9A1E7A4F7556}") = "Ex_14", "Ex_14\Ex_14.csproj", "{BBA6104A-E560-4C8D-B562-3C28CBE3C53A}"
EndProject
Project("{9A19103F-16F7-4668-BE54-9A1E7A4F7556}") = "EX_15", "EX_15\EX_15.csproj", "{907BDAC3-2589-49B6-9779-B94665ED4D74}"
EndProject
Project("{9A19103F-16F7-4668-BE54-9A1E7A4F7556}") = "EX_16", "EX_16\EX_16.csproj", "{C6EC8EE5-425B-4828-9F8F-D13BDAA4F226}"
EndProject
Project("{9A19103F-16F7-4668-BE54-9A1E7A4F7556}") = "EX_17", "EX_17\EX_17.csproj", "{F0020394-A2E6-4F00-B784-9A9FF15383A4}"
EndProject
Project("{FAE04EC0-301F-11D3-BF4B-00C04F79EFBC}") = "EX_27", "EX_27\EX_27.csproj", "{C11BA1DE-B5F0-436C-8B7A-5D613D3C85EF}"
EndProject
Project("{FAE04EC0-301F-11D3-BF4B-00C04F79EFBC}") = "EX_28", "EX_28\EX_28.csproj", "{A6024CAE-2042-44BD-B49A-FFBE39571E74}"
EndProject
Project("{FAE04EC0-301F-11D3-BF4B-00C04F79EFBC}") = "EX_29", "EX_29\EX_29.csproj", "{A1BBF24D-5E40-4BBA-B169-168D4487CEB3}"
EndProject
Global
	GlobalSection(SolutionConfigurationPlatforms) = preSolution
		Debug|Any CPU = Debug|Any CPU
		Release|Any CPU = Release|Any CPU
	EndGlobalSection
	GlobalSection(ProjectConfigurationPlatforms) = postSolution
		{BBA6104A-E560-4C8D-B562-3C28CBE3C53A}.Debug|Any CPU.ActiveCfg = Debug|Any CPU
		{BBA6104A-E560-4C8D-B562-3C28CBE3C53A}.Debug|Any CPU.Build.0 = Debug|Any CPU
		{BBA6104A-E560-4C8D-B562-3C28CBE3C53A}.Release|Any CPU.ActiveCfg = Release|Any CPU
		{BBA6104A-E560-4C8D-B562-3C28CBE3C53A}.Release|Any CPU.Build.0 = Release|Any CPU
		{907BDAC3-2589-49B6-9779-B94665ED4D74}.Debug|Any CPU.ActiveCfg = Debug|Any CPU
		{907BDAC3-2589-49B6-9779-B94665ED4D74}.Debug|Any CPU.Build.0 = Debug|Any CPU
		{907BDAC3-2589-49B6-9779-B94665ED4D74}.Release|Any CPU.ActiveCfg = Release|Any CPU
		{907BDAC3-2589-49B6-9779-B94665ED4D74}.Release|Any CPU.Build.0 = Release|Any CPU
		{C6EC8EE5-425B-4828-9F8F-D13BDAA4F226}.Debug|Any CPU.ActiveCfg = Debug|Any CPU
		{C6EC8EE5-425B-4828-9F8F-D13BDAA4F226}.Debug|Any CPU.Build.0 = Debug|Any CPU
		{C6EC8EE5-425B-4828-9F8F-D13BDAA4F226}.Release|Any CPU.ActiveCfg = Release|Any CPU
		{C6EC8EE5-425B-4828-9F8F-D13BDAA4F226}.Release|Any CPU.Build.0 = Release|Any CPU
		{F0020394-A2E6-4F00-B784-9A9FF15383A4}.Debug|Any CPU.ActiveCfg = Debug|Any CPU
		{F0020394-A2E6-4F00-B784-9A9FF15383A4}.Debug|Any CPU.Build.0 = Debug|Any CPU
		{F0020394-A2E6-4F00-B784-9A9FF15383A4}.Release|Any CPU.ActiveCfg = Release|Any CPU
		{F0020394-A2E6-4F00-B784-9A9FF15383A4}.Release|Any CPU.Build.0 = Release|Any CPU
		{C11BA1DE-B5F0-436C-8B7A-5D613D3C85EF}.Debug|Any CPU.ActiveCfg = Debug|Any CPU
		{C11BA1DE-B5F0-436C-8B7A-5D613D3C85EF}.Debug|Any CPU.Build.0 = Debug|Any CPU
		{C11BA1DE-B5F0-436C-8B7A-5D613D3C85EF}.Release|Any CPU.ActiveCfg = Release|Any CPU
		{C11BA1DE-B5F0-436C-8B7A-5D613D3C85EF}.Release|Any CPU.Build.0 = Release|Any CPU
		{A6024CAE-2042-44BD-B49A-FFBE39571E74}.Debug|Any CPU.ActiveCfg = Debug|Any CPU
		{A6024CAE-2042-44BD-B49A-FFBE39571E74}.Debug|Any CPU.Build.0 = Debug|Any CPU
		{A6024CAE-2042-44BD-B49A-FFBE39571E74}.Release|Any CPU.ActiveCfg = Release|Any CPU
		{A6024CAE-2042-44BD-B49A-FFBE39571E74}.Release|Any CPU.Build.0 = Release|Any CPU
		{A1BBF24D-5E40-4BBA-B169-168D4487CEB3}.Debug|Any CPU.ActiveCfg = Debug|Any CPU
		{A1BBF24D-5E40-4BBA-B169-168D4487CEB3}.Debug|Any CPU.Build.0 = Debug|Any CPU
		{A1BBF24D-5E40-4BBA-B169-168D4487CEB3}.Release|Any CPU.ActiveCfg = Release|Any CPU
		{A1BBF24D-5E40-4BBA-B169-168D4487CEB3}.Release|Any CPU.Build.0 = Release|Any CPU
	EndGlobalSection
	GlobalSection(SolutionProperties) = preSolution
		HideSolutionNode = FALSE
	EndGlobalSection
	GlobalSection(ExtensibilityGlobals) = postSolution
		SolutionGuid = {AF6EFE16-EAC5-497C-94BB-A7A5633E9E8B}
	EndGlobalSection
EndGlobal
